{
  "name": "backend",
  "version": "1.0.0",
  "lockfileVersion": 3,
  "requires": true,
  "packages": {
    "": {
      "name": "backend",
      "version": "1.0.0",
      "license": "ISC",
      "dependencies": {
        "figlet": "^1.10.0",
        "random-words": "^2.0.1"
      },
      "devDependencies": {}
    },
    "../../../AppData/Roaming/npm/node_modules/figlet": {
      "version": "1.10.0",
      "license": "MIT",
      "dependencies": {
        "commander": "^14.0.0"
      },
      "bin": {
        "figlet": "bin/index.js"
      },
      "devDependencies": {
        "@types/node": "^24.2.0",
        "@vitest/ui": "^3.2.4",
        "async": "~3.2.4",
        "husky": "^9.1.7",
        "lint-staged": "^16.1.5",
        "typescript": "^5.9.2",
        "vite": "^7.0.6",
        "vite-plugin-dts": "^4.5.4",
        "vitest": "^3.2.4"
      },
      "engines": {
        "node": ">= 17.0.0"
      }
    },
    "../../../AppData/Roaming/npm/node_modules/figlet/node_modules/commander": {
      "version": "14.0.3",
      "license": "MIT",
      "engines": {
        "node": ">=20"
      }
    },
    "node_modules/figlet": {
      "resolved": "../../../AppData/Roaming/npm/node_modules/figlet",
      "link": true
    },
    "node_modules/random-words": {
      "version": "2.0.1",
      "resolved": "https://registry.npmjs.org/random-words/-/random-words-2.0.1.tgz",
      "integrity": "sha512-nZNJAmgcFmtJMTDDIUCm/iK4R6RydC6NvALvWhYItXQrgYGk1F7Gww416LpVROFQtfVd5TaLEf4WuSsko03N7w==",
      "license": "MIT",
      "dependencies": {
        "seedrandom": "^3.0.5"
      }
    },
    "node_modules/seedrandom": {
      "version": "3.0.5",
      "resolved": "https://registry.npmjs.org/seedrandom/-/seedrandom-3.0.5.tgz",
      "integrity": "sha512-8OwmbklUNzwezjGInmZ+2clQmExQPvomqjL7LFqOYqtmuxRgQYqOD3mHaU+MvZn5FLUeVxVfQjwLZW/n/JFuqg==",
      "license": "MIT"
    }
  }
}
